Microsoft Visual Studio Solution File, Format Version 12.00
# Visual Studio 15
Project("{8BC9CEB8-8B4A-11D0-8D11-00A0C91BC942}") = "ALL_BUILD", "ALL_BUILD.vcxproj", "{8E2304A4-2E11-300F-B4C3-F87E8F7BF112}"
	ProjectSection(ProjectDependencies) = postProject
		{764851F8-3E09-37C2-B000-3419E79429AB} = {764851F8-3E09-37C2-B000-3419E79429AB}
		{DB71D498-D814-36FA-98BF-54AAE30CE910} = {DB71D498-D814-36FA-98BF-54AAE30CE910}
		{19596B9B-2FDA-374B-B9FC-0FAE11AD84A6} = {19596B9B-2FDA-374B-B9FC-0FAE11AD84A6}
	EndProjectSection
EndProject
Project("{8BC9CEB8-8B4A-11D0-8D11-00A0C91BC942}") = "INSTALL", "INSTALL.vcxproj", "{9F94A340-F5FA-3C55-9C43-5AA9740BAD99}"
	ProjectSection(ProjectDependencies) = postProject
		{8E2304A4-2E11-300F-B4C3-F87E8F7BF112} = {8E2304A4-2E11-300F-B4C3-F87E8F7BF112}
		{19596B9B-2FDA-374B-B9FC-0FAE11AD84A6} = {19596B9B-2FDA-374B-B9FC-0FAE11AD84A6}
	EndProjectSection
EndProject
Project("{8BC9CEB8-8B4A-11D0-8D11-00A0C91BC942}") = "OculusViewerExample", "src\OculusViewerExample.vcxproj", "{764851F8-3E09-37C2-B000-3419E79429AB}"
	ProjectSection(ProjectDependencies) = postProject
		{DB71D498-D814-36FA-98BF-54AAE30CE910} = {DB71D498-D814-36FA-98BF-54AAE30CE910}
		{19596B9B-2FDA-374B-B9FC-0FAE11AD84A6} = {19596B9B-2FDA-374B-B9FC-0FAE11AD84A6}
	EndProjectSection
EndProject
Project("{8BC9CEB8-8B4A-11D0-8D11-00A0C91BC942}") = "OsgOculus", "src\OsgOculus.vcxproj", "{DB71D498-D814-36FA-98BF-54AAE30CE910}"
	ProjectSection(ProjectDependencies) = postProject
		{19596B9B-2FDA-374B-B9FC-0FAE11AD84A6} = {19596B9B-2FDA-374B-B9FC-0FAE11AD84A6}
	EndProjectSection
EndProject
Project("{8BC9CEB8-8B4A-11D0-8D11-00A0C91BC942}") = "PACKAGE", "PACKAGE.vcxproj", "{18909B31-84FD-3357-B6C5-DA4FCD7E2342}"
	ProjectSection(ProjectDependencies) = postProject
		{8E2304A4-2E11-300F-B4C3-F87E8F7BF112} = {8E2304A4-2E11-300F-B4C3-F87E8F7BF112}
		{19596B9B-2FDA-374B-B9FC-0FAE11AD84A6} = {19596B9B-2FDA-374B-B9FC-0FAE11AD84A6}
	EndProjectSection
EndProject
Project("{8BC9CEB8-8B4A-11D0-8D11-00A0C91BC942}") = "ZERO_CHECK", "ZERO_CHECK.vcxproj", "{19596B9B-2FDA-374B-B9FC-0FAE11AD84A6}"
	ProjectSection(ProjectDependencies) = postProject
	EndProjectSection
EndProject
Global
	GlobalSection(SolutionConfigurationPlatforms) = preSolution
		Debug|x64 = Debug|x64
		Release|x64 = Release|x64
	EndGlobalSection
	GlobalSection(ProjectConfigurationPlatforms) = postSolution
		{8E2304A4-2E11-300F-B4C3-F87E8F7BF112}.Debug|x64.ActiveCfg = Debug|x64
		{8E2304A4-2E11-300F-B4C3-F87E8F7BF112}.Debug|x64.Build.0 = Debug|x64
		{8E2304A4-2E11-300F-B4C3-F87E8F7BF112}.Release|x64.ActiveCfg = Release|x64
		{8E2304A4-2E11-300F-B4C3-F87E8F7BF112}.Release|x64.Build.0 = Release|x64
		{9F94A340-F5FA-3C55-9C43-5AA9740BAD99}.Debug|x64.ActiveCfg = Debug|x64
		{9F94A340-F5FA-3C55-9C43-5AA9740BAD99}.Release|x64.ActiveCfg = Release|x64
		{764851F8-3E09-37C2-B000-3419E79429AB}.Debug|x64.ActiveCfg = Debug|x64
		{764851F8-3E09-37C2-B000-3419E79429AB}.Debug|x64.Build.0 = Debug|x64
		{764851F8-3E09-37C2-B000-3419E79429AB}.Release|x64.ActiveCfg = Release|x64
		{764851F8-3E09-37C2-B000-3419E79429AB}.Release|x64.Build.0 = Release|x64
		{DB71D498-D814-36FA-98BF-54AAE30CE910}.Debug|x64.ActiveCfg = Debug|x64
		{DB71D498-D814-36FA-98BF-54AAE30CE910}.Debug|x64.Build.0 = Debug|x64
		{DB71D498-D814-36FA-98BF-54AAE30CE910}.Release|x64.ActiveCfg = Release|x64
		{DB71D498-D814-36FA-98BF-54AAE30CE910}.Release|x64.Build.0 = Release|x64
		{18909B31-84FD-3357-B6C5-DA4FCD7E2342}.Debug|x64.ActiveCfg = Debug|x64
		{18909B31-84FD-3357-B6C5-DA4FCD7E2342}.Release|x64.ActiveCfg = Release|x64
		{19596B9B-2FDA-374B-B9FC-0FAE11AD84A6}.Debug|x64.ActiveCfg = Debug|x64
		{19596B9B-2FDA-374B-B9FC-0FAE11AD84A6}.Debug|x64.Build.0 = Debug|x64
		{19596B9B-2FDA-374B-B9FC-0FAE11AD84A6}.Release|x64.ActiveCfg = Release|x64
		{19596B9B-2FDA-374B-B9FC-0FAE11AD84A6}.Release|x64.Build.0 = Release|x64
	EndGlobalSection
	GlobalSection(ExtensibilityGlobals) = postSolution
		SolutionGuid = {3B2BA59D-E69E-3A92-ADFC-E0463C8DA882}
	EndGlobalSection
	GlobalSection(ExtensibilityAddIns) = postSolution
	EndGlobalSection
EndGlobal
