<?xml version="1.0" encoding="utf-8"?>
<Project ToolsVersion="15.0" xmlns="http://schemas.microsoft.com/developer/msbuild/2003">
  <ItemGroup>
    <ClCompile Include="G:\Repository\OSG Oculus Viewer\src\viewerexample.cpp">
      <Filter>Source Files</Filter>
    </ClCompile>
    <ClCompile Include="oculusdevice.cpp" />
    <ClCompile Include="oculuseventhandler.cpp" />
    <ClCompile Include="oculustexture.cpp" />
    <ClCompile Include="oculustouchmanipulator.cpp" />
    <ClCompile Include="oculusupdateslavecallback.cpp" />
    <ClCompile Include="oculusviewer.cpp" />
  </ItemGroup>
  <ItemGroup>
    <CustomBuild Include="G:\Repository\OSG Oculus Viewer\src\CMakeLists.txt" />
  </ItemGroup>
  <ItemGroup>
    <Filter Include="Source Files">
      <UniqueIdentifier>{418841C4-5577-3C1D-8B26-10E5F5AD04FD}</UniqueIdentifier>
    </Filter>
  </ItemGroup>
  <ItemGroup>
    <ClInclude Include="oculusdevice.h" />
    <ClInclude Include="oculuseventhandler.h" />
    <ClInclude Include="oculustexture.h" />
    <ClInclude Include="oculustouchmanipulator.h" />
    <ClInclude Include="oculusupdateslavecallback.h" />
    <ClInclude Include="oculusviewer.h" />
  </ItemGroup>
</Project>